
Microsoft Visual Studio Solution File, Format Version 12.00
# Visual Studio Version 17
VisualStudioVersion = 17.6.33829.357
MinimumVisualStudioVersion = 10.0.40219.1
Project("{888888A0-9F3D-457C-B088-3A5042F75D52}") = "Space_Fight", "Space_Fight.pyproj", "{39C41F7C-0772-4D3E-B6B8-2A29D080E49D}"
EndProject
Global
	GlobalSection(SolutionConfigurationPlatforms) = preSolution
		Debug|Any CPU = Debug|Any CPU
		Release|Any CPU = Release|Any CPU
	EndGlobalSection
	GlobalSection(ProjectConfigurationPlatforms) = postSolution
		{39C41F7C-0772-4D3E-B6B8-2A29D080E49D}.Debug|Any CPU.ActiveCfg = Debug|Any CPU
		{39C41F7C-0772-4D3E-B6B8-2A29D080E49D}.Release|Any CPU.ActiveCfg = Release|Any CPU
	EndGlobalSection
	GlobalSection(SolutionProperties) = preSolution
		HideSolutionNode = FALSE
	EndGlobalSection
	GlobalSection(ExtensibilityGlobals) = postSolution
		SolutionGuid = {77AC2699-0CE8-42AD-8A09-5E6AE79DC316}
	EndGlobalSection
EndGlobal
